// !$*UTF8*$!
{
	archiveVersion = 1;
	classes = {
	};
	objectVersion = 46;
	objects = {

/* Begin PBXBuildFile section */
		385E09FA1BC36ECF00DCD54E /* AppDelegate.swift in Sources */ = {isa = PBXBuildFile; fileRef = 385E09F91BC36ECF00DCD54E /* AppDelegate.swift */; };
		385E09FC1BC36ECF00DCD54E /* ViewController.swift in Sources */ = {isa = PBXBuildFile; fileRef = 385E09FB1BC36ECF00DCD54E /* ViewController.swift */; };
		385E09FF1BC36ECF00DCD54E /* Main.storyboard in Resources */ = {isa = PBXBuildFile; fileRef = 385E09FD1BC36ECF00DCD54E /* Main.storyboard */; };
		385E0A011BC36ECF00DCD54E /* Assets.xcassets in Resources */ = {isa = PBXBuildFile; fileRef = 385E0A001BC36ECF00DCD54E /* Assets.xcassets */; };
		385E0A041BC36ECF00DCD54E /* LaunchScreen.storyboard in Resources */ = {isa = PBXBuildFile; fileRef = 385E0A021BC36ECF00DCD54E /* LaunchScreen.storyboard */; };
		385E0A0F1BC36ECF00DCD54E /* ZigZagTests.swift in Sources */ = {isa = PBXBuildFile; fileRef = 385E0A0E1BC36ECF00DCD54E /* ZigZagTests.swift */; };
		385E0A1A1BC36ECF00DCD54E /* ZigZagUITests.swift in Sources */ = {isa = PBXBuildFile; fileRef = 385E0A191BC36ECF00DCD54E /* ZigZagUITests.swift */; };
/* End PBXBuildFile section */

/* Begin PBXContainerItemProxy section */
		385E0A0B1BC36ECF00DCD54E /* PBXContainerItemProxy */ = {
			isa = PBXContainerItemProxy;
			containerPortal = 385E09EE1BC36ECF00DCD54E /* Project object */;
			proxyType = 1;
			remoteGlobalIDString = 385E09F51BC36ECF00DCD54E;
			remoteInfo = ZigZag;
		};
		385E0A161BC36ECF00DCD54E /* PBXContainerItemProxy */ = {
			isa = PBXContainerItemProxy;
			containerPortal = 385E09EE1BC36ECF00DCD54E /* Project object */;
			proxyType = 1;
			remoteGlobalIDString = 385E09F51BC36ECF00DCD54E;
			remoteInfo = ZigZag;
		};
/* End PBXContainerItemProxy section */

/* Begin PBXFileReference section */
		385E09F61BC36ECF00DCD54E /* ZigZag.app */ = {isa = PBXFileReference; explicitFileType = wrapper.application; includeInIndex = 0; path = ZigZag.app; sourceTree = BUILT_PRODUCTS_DIR; };
		385E09F91BC36ECF00DCD54E /* AppDelegate.swift */ = {isa = PBXFileReference; lastKnownFileType = sourcecode.swift; path = AppDelegate.swift; sourceTree = "<group>"; };
		385E09FB1BC36ECF00DCD54E /* ViewController.swift */ = {isa = PBXFileReference; lastKnownFileType = sourcecode.swift; path = ViewController.swift; sourceTree = "<group>"; };
		385E09FE1BC36ECF00DCD54E /* Base */ = {isa = PBXFileReference; lastKnownFileType = file.storyboard; name = Base; path = Base.lproj/Main.storyboard; sourceTree = "<group>"; };
		385E0A001BC36ECF00DCD54E /* Assets.xcassets */ = {isa = PBXFileReference; lastKnownFileType = folder.assetcatalog; path = Assets.xcassets; sourceTree = "<group>"; };
		385E0A031BC36ECF00DCD54E /* Base */ = {isa = PBXFileReference; lastKnownFileType = file.storyboard; name = Base; path = Base.lproj/LaunchScreen.storyboard; sourceTree = "<group>"; };
		385E0A051BC36ECF00DCD54E /* Info.plist */ = {isa = PBXFileReference; lastKnownFileType = text.plist.xml; path = Info.plist; sourceTree = "<group>"; };
		385E0A0A1BC36ECF00DCD54E /* ZigZagTests.xctest */ = {isa = PBXFileReference; explicitFileType = wrapper.cfbundle; includeInIndex = 0; path = ZigZagTests.xctest; sourceTree = BUILT_PRODUCTS_DIR; };
		385E0A0E1BC36ECF00DCD54E /* ZigZagTests.swift */ = {isa = PBXFileReference; lastKnownFileType = sourcecode.swift; path = ZigZagTests.swift; sourceTree = "<group>"; };
		385E0A101BC36ECF00DCD54E /* Info.plist */ = {isa = PBXFileReference; lastKnownFileType = text.plist.xml; path = Info.plist; sourceTree = "<group>"; };
		385E0A151BC36ECF00DCD54E /* ZigZagUITests.xctest */ = {isa = PBXFileReference; explicitFileType = wrapper.cfbundle; includeInIndex = 0; path = ZigZagUITests.xctest; sourceTree = BUILT_PRODUCTS_DIR; };
		385E0A191BC36ECF00DCD54E /* ZigZagUITests.swift */ = {isa = PBXFileReference; lastKnownFileType = sourcecode.swift; path = ZigZagUITests.swift; sourceTree = "<group>"; };
		385E0A1B1BC36ECF00DCD54E /* Info.plist */ = {isa = PBXFileReference; lastKnownFileType = text.plist.xml; path = Info.plist; sourceTree = "<group>"; };
/* End PBXFileReference section */

/* Begin PBXFrameworksBuildPhase section */
		385E09F31BC36ECF00DCD54E /* Frameworks */ = {
			isa = PBXFrameworksBuildPhase;
			buildActionMask = 2147483647;
			files = (
			);
			runOnlyForDeploymentPostprocessing = 0;
		};
		385E0A071BC36ECF00DCD54E /* Frameworks */ = {
			isa = PBXFrameworksBuildPhase;
			buildActionMask = 2147483647;
			files = (
			);
			runOnlyForDeploymentPostprocessing = 0;
		};
		385E0A121BC36ECF00DCD54E /* Frameworks */ = {
			isa = PBXFrameworksBuildPhase;
			buildActionMask = 2147483647;
			files = (
			);
			runOnlyForDeploymentPostprocessing = 0;
		};
/* End PBXFrameworksBuildPhase section */

/* Begin PBXGroup section */
		385E09ED1BC36ECF00DCD54E = {
			isa = PBXGroup;
			children = (
				385E09F81BC36ECF00DCD54E /* ZigZag */,
				385E0A0D1BC36ECF00DCD54E /* ZigZagTests */,
				385E0A181BC36ECF00DCD54E /* ZigZagUITests */,
				385E09F71BC36ECF00DCD54E /* Products */,
			);
			sourceTree = "<group>";
		};
		385E09F71BC36ECF00DCD54E /* Products */ = {
			isa = PBXGroup;
			children = (
				385E09F61BC36ECF00DCD54E /* ZigZag.app */,
				385E0A0A1BC36ECF00DCD54E /* ZigZagTests.xctest */,
				385E0A151BC36ECF00DCD54E /* ZigZagUITests.xctest */,
			);
			name = Products;
			sourceTree = "<group>";
		};
		385E09F81BC36ECF00DCD54E /* ZigZag */ = {
			isa = PBXGroup;
			children = (
				385E09F91BC36ECF00DCD54E /* AppDelegate.swift */,
				385E09FB1BC36ECF00DCD54E /* ViewController.swift */,
				385E09FD1BC36ECF00DCD54E /* Main.storyboard */,
				385E0A001BC36ECF00DCD54E /* Assets.xcassets */,
				385E0A021BC36ECF00DCD54E /* LaunchScreen.storyboard */,
				385E0A051BC36ECF00DCD54E /* Info.plist */,
			);
			path = ZigZag;
			sourceTree = "<group>";
		};
		385E0A0D1BC36ECF00DCD54E /* ZigZagTests */ = {
			isa = PBXGroup;
			children = (
				385E0A0E1BC36ECF00DCD54E /* ZigZagTests.swift */,
				385E0A101BC36ECF00DCD54E /* Info.plist */,
			);
			path = ZigZagTests;
			sourceTree = "<group>";
		};
		385E0A181BC36ECF00DCD54E /* ZigZagUITests */ = {
			isa = PBXGroup;
			children = (
				385E0A191BC36ECF00DCD54E /* ZigZagUITests.swift */,
				385E0A1B1BC36ECF00DCD54E /* Info.plist */,
			);
			path = ZigZagUITests;
			sourceTree = "<group>";
		};
/* End PBXGroup section */

/* Begin PBXNativeTarget section */
		385E09F51BC36ECF00DCD54E /* ZigZag */ = {
			isa = PBXNativeTarget;
			buildConfigurationList = 385E0A1E1BC36ECF00DCD54E /* Build configuration list for PBXNativeTarget "ZigZag" */;
			buildPhases = (
				385E09F21BC36ECF00DCD54E /* Sources */,
				385E09F31BC36ECF00DCD54E /* Frameworks */,
				385E09F41BC36ECF00DCD54E /* Resources */,
			);
			buildRules = (
			);
			dependencies = (
			);
			name = ZigZag;
			productName = ZigZag;
			productReference = 385E09F61BC36ECF00DCD54E /* ZigZag.app */;
			productType = "com.apple.product-type.application";
		};
		385E0A091BC36ECF00DCD54E /* ZigZagTests */ = {
			isa = PBXNativeTarget;
			buildConfigurationList = 385E0A211BC36ECF00DCD54E /* Build configuration list for PBXNativeTarget "ZigZagTests" */;
			buildPhases = (
				385E0A061BC36ECF00DCD54E /* Sources */,
				385E0A071BC36ECF00DCD54E /* Frameworks */,
				385E0A081BC36ECF00DCD54E /* Resources */,
			);
			buildRules = (
			);
			dependencies = (
				385E0A0C1BC36ECF00DCD54E /* PBXTargetDependency */,
			);
			name = ZigZagTests;
			productName = ZigZagTests;
			productReference = 385E0A0A1BC36ECF00DCD54E /* ZigZagTests.xctest */;
			productType = "com.apple.product-type.bundle.unit-test";
		};
		385E0A141BC36ECF00DCD54E /* ZigZagUITests */ = {
			isa = PBXNativeTarget;
			buildConfigurationList = 385E0A241BC36ECF00DCD54E /* Build configuration list for PBXNativeTarget "ZigZagUITests" */;
			buildPhases = (
				385E0A111BC36ECF00DCD54E /* Sources */,
				385E0A121BC36ECF00DCD54E /* Frameworks */,
				385E0A131BC36ECF00DCD54E /* Resources */,
			);
			buildRules = (
			);
			dependencies = (
				385E0A171BC36ECF00DCD54E /* PBXTargetDependency */,
			);
			name = ZigZagUITests;
			productName = ZigZagUITests;
			productReference = 385E0A151BC36ECF00DCD54E /* ZigZagUITests.xctest */;
			productType = "com.apple.product-type.bundle.ui-testing";
		};
/* End PBXNativeTarget section */

/* Begin PBXProject section */
		385E09EE1BC36ECF00DCD54E /* Project object */ = {
			isa = PBXProject;
			attributes = {
				LastUpgradeCheck = 0700;
				ORGANIZATIONNAME = "Sid Suresh and Aniket Pant";
				TargetAttributes = {
					385E09F51BC36ECF00DCD54E = {
						CreatedOnToolsVersion = 7.0.1;
					};
					385E0A091BC36ECF00DCD54E = {
						CreatedOnToolsVersion = 7.0.1;
						TestTargetID = 385E09F51BC36ECF00DCD54E;
					};
					385E0A141BC36ECF00DCD54E = {
						CreatedOnToolsVersion = 7.0.1;
						TestTargetID = 385E09F51BC36ECF00DCD54E;
					};
				};
			};
			buildConfigurationList = 385E09F11BC36ECF00DCD54E /* Build configuration list for PBXProject "ZigZag" */;
			compatibilityVersion = "Xcode 3.2";
			developmentRegion = English;
			hasScannedForEncodings = 0;
			knownRegions = (
				en,
				Base,
			);
			mainGroup = 385E09ED1BC36ECF00DCD54E;
			productRefGroup = 385E09F71BC36ECF00DCD54E /* Products */;
			projectDirPath = "";
			projectRoot = "";
			targets = (
				385E09F51BC36ECF00DCD54E /* ZigZag */,
				385E0A091BC36ECF00DCD54E /* ZigZagTests */,
				385E0A141BC36ECF00DCD54E /* ZigZagUITests */,
			);
		};
/* End PBXProject section */

/* Begin PBXResourcesBuildPhase section */
		385E09F41BC36ECF00DCD54E /* Resources */ = {
			isa = PBXResourcesBuildPhase;
			buildActionMask = 2147483647;
			files = (
				385E0A041BC36ECF00DCD54E /* LaunchScreen.storyboard in Resources */,
				385E0A011BC36ECF00DCD54E /* Assets.xcassets in Resources */,
				385E09FF1BC36ECF00DCD54E /* Main.storyboard in Resources */,
			);
			runOnlyForDeploymentPostprocessing = 0;
		};
		385E0A081BC36ECF00DCD54E /* Resources */ = {
			isa = PBXResourcesBuildPhase;
			buildActionMask = 2147483647;
			files = (
			);
			runOnlyForDeploymentPostprocessing = 0;
		};
		385E0A131BC36ECF00DCD54E /* Resources */ = {
			isa = PBXResourcesBuildPhase;
			buildActionMask = 2147483647;
			files = (
			);
			runOnlyForDeploymentPostprocessing = 0;
		};
/* End PBXResourcesBuildPhase section */

/* Begin PBXSourcesBuildPhase section */
		385E09F21BC36ECF00DCD54E /* Sources */ = {
			isa = PBXSourcesBuildPhase;
			buildActionMask = 2147483647;
			files = (
				385E09FC1BC36ECF00DCD54E /* ViewController.swift in Sources */,
				385E09FA1BC36ECF00DCD54E /* AppDelegate.swift in Sources */,
			);
			runOnlyForDeploymentPostprocessing = 0;
		};
		385E0A061BC36ECF00DCD54E /* Sources */ = {
			isa = PBXSourcesBuildPhase;
			buildActionMask = 2147483647;
			files = (
				385E0A0F1BC36ECF00DCD54E /* ZigZagTests.swift in Sources */,
			);
			runOnlyForDeploymentPostprocessing = 0;
		};
		385E0A111BC36ECF00DCD54E /* Sources */ = {
			isa = PBXSourcesBuildPhase;
			buildActionMask = 2147483647;
			files = (
				385E0A1A1BC36ECF00DCD54E /* ZigZagUITests.swift in Sources */,
			);
			runOnlyForDeploymentPostprocessing = 0;
		};
/* End PBXSourcesBuildPhase section */

/* Begin PBXTargetDependency section */
		385E0A0C1BC36ECF00DCD54E /* PBXTargetDependency */ = {
			isa = PBXTargetDependency;
			target = 385E09F51BC36ECF00DCD54E /* ZigZag */;
			targetProxy = 385E0A0B1BC36ECF00DCD54E /* PBXContainerItemProxy */;
		};
		385E0A171BC36ECF00DCD54E /* PBXTargetDependency */ = {
			isa = PBXTargetDependency;
			target = 385E09F51BC36ECF00DCD54E /* ZigZag */;
			targetProxy = 385E0A161BC36ECF00DCD54E /* PBXContainerItemProxy */;
		};
/* End PBXTargetDependency section */

/* Begin PBXVariantGroup section */
		385E09FD1BC36ECF00DCD54E /* Main.storyboard */ = {
			isa = PBXVariantGroup;
			children = (
				385E09FE1BC36ECF00DCD54E /* Base */,
			);
			name = Main.storyboard;
			sourceTree = "<group>";
		};
		385E0A021BC36ECF00DCD54E /* LaunchScreen.storyboard */ = {
			isa = PBXVariantGroup;
			children = (
				385E0A031BC36ECF00DCD54E /* Base */,
			);
			name = LaunchScreen.storyboard;
			sourceTree = "<group>";
		};
/* End PBXVariantGroup section */

/* Begin XCBuildConfiguration section */
		385E0A1C1BC36ECF00DCD54E /* Debug */ = {
			isa = XCBuildConfiguration;
			buildSettings = {
				ALWAYS_SEARCH_USER_PATHS = NO;
				CLANG_CXX_LANGUAGE_STANDARD = "gnu++0x";
				CLANG_CXX_LIBRARY = "libc++";
				CLANG_ENABLE_MODULES = YES;
				CLANG_ENABLE_OBJC_ARC = YES;
				CLANG_WARN_BOOL_CONVERSION = YES;
				CLANG_WARN_CONSTANT_CONVERSION = YES;
				CLANG_WARN_DIRECT_OBJC_ISA_USAGE = YES_ERROR;
				CLANG_WARN_EMPTY_BODY = YES;
				CLANG_WARN_ENUM_CONVERSION = YES;
				CLANG_WARN_INT_CONVERSION = YES;
				CLANG_WARN_OBJC_ROOT_CLASS = YES_ERROR;
				CLANG_WARN_UNREACHABLE_CODE = YES;
				CLANG_WARN__DUPLICATE_METHOD_MATCH = YES;
				"CODE_SIGN_IDENTITY[sdk=iphoneos*]" = "iPhone Developer";
				COPY_PHASE_STRIP = NO;
				DEBUG_INFORMATION_FORMAT = dwarf;
				ENABLE_STRICT_OBJC_MSGSEND = YES;
				ENABLE_TESTABILITY = YES;
				GCC_C_LANGUAGE_STANDARD = gnu99;
				GCC_DYNAMIC_NO_PIC = NO;
				GCC_NO_COMMON_BLOCKS = YES;
				GCC_OPTIMIZATION_LEVEL = 0;
				GCC_PREPROCESSOR_DEFINITIONS = (
					"DEBUG=1",
					"$(inherited)",
				);
				GCC_WARN_64_TO_32_BIT_CONVERSION = YES;
				GCC_WARN_ABOUT_RETURN_TYPE = YES_ERROR;
				GCC_WARN_UNDECLARED_SELECTOR = YES;
				GCC_WARN_UNINITIALIZED_AUTOS = YES_AGGRESSIVE;
				GCC_WARN_UNUSED_FUNCTION = YES;
				GCC_WARN_UNUSED_VARIABLE = YES;
				IPHONEOS_DEPLOYMENT_TARGET = 9.0;
				MTL_ENABLE_DEBUG_INFO = YES;
				ONLY_ACTIVE_ARCH = YES;
				SDKROOT = iphoneos;
				SWIFT_OPTIMIZATION_LEVEL = "-Onone";
			};
			name = Debug;
		};
		385E0A1D1BC36ECF00DCD54E /* Release */ = {
			isa = XCBuildConfiguration;
			buildSettings = {
				ALWAYS_SEARCH_USER_PATHS = NO;
				CLANG_CXX_LANGUAGE_STANDARD = "gnu++0x";
				CLANG_CXX_LIBRARY = "libc++";
				CLANG_ENABLE_MODULES = YES;
				CLANG_ENABLE_OBJC_ARC = YES;
				CLANG_WARN_BOOL_CONVERSION = YES;
				CLANG_WARN_CONSTANT_CONVERSION = YES;
				CLANG_WARN_DIRECT_OBJC_ISA_USAGE = YES_ERROR;
				CLANG_WARN_EMPTY_BODY = YES;
				CLANG_WARN_ENUM_CONVERSION = YES;
				CLANG_WARN_INT_CONVERSION = YES;
				CLANG_WARN_OBJC_ROOT_CLASS = YES_ERROR;
				CLANG_WARN_UNREACHABLE_CODE = YES;
				CLANG_WARN__DUPLICATE_METHOD_MATCH = YES;
				"CODE_SIGN_IDENTITY[sdk=iphoneos*]" = "iPhone Developer";
				COPY_PHASE_STRIP = NO;
				DEBUG_INFORMATION_FORMAT = "dwarf-with-dsym";
				ENABLE_NS_ASSERTIONS = NO;
				ENABLE_STRICT_OBJC_MSGSEND = YES;
				GCC_C_LANGUAGE_STANDARD = gnu99;
				GCC_NO_COMMON_BLOCKS = YES;
				GCC_WARN_64_TO_32_BIT_CONVERSION = YES;
				GCC_WARN_ABOUT_RETURN_TYPE = YES_ERROR;
				GCC_WARN_UNDECLARED_SELECTOR = YES;
				GCC_WARN_UNINITIALIZED_AUTOS = YES_AGGRESSIVE;
				GCC_WARN_UNUSED_FUNCTION = YES;
				GCC_WARN_UNUSED_VARIABLE = YES;
				IPHONEOS_DEPLOYMENT_TARGET = 9.0;
				MTL_ENABLE_DEBUG_INFO = NO;
				SDKROOT = iphoneos;
				VALIDATE_PRODUCT = YES;
			};
			name = Release;
		};
		385E0A1F1BC36ECF00DCD54E /* Debug */ = {
			isa = XCBuildConfiguration;
			buildSettings = {
				ASSETCATALOG_COMPILER_APPICON_NAME = AppIcon;
				INFOPLIST_FILE = ZigZag/Info.plist;
				LD_RUNPATH_SEARCH_PATHS = "$(inherited) @executable_path/Frameworks";
				PRODUCT_BUNDLE_IDENTIFIER = Sybersid.ZigZag;
				PRODUCT_NAME = "$(TARGET_NAME)";
			};
			name = Debug;
		};
		385E0A201BC36ECF00DCD54E /* Release */ = {
			isa = XCBuildConfiguration;
			buildSettings = {
				ASSETCATALOG_COMPILER_APPICON_NAME = AppIcon;
				INFOPLIST_FILE = ZigZag/Info.plist;
				LD_RUNPATH_SEARCH_PATHS = "$(inherited) @executable_path/Frameworks";
				PRODUCT_BUNDLE_IDENTIFIER = Sybersid.ZigZag;
				PRODUCT_NAME = "$(TARGET_NAME)";
			};
			name = Release;
		};
		385E0A221BC36ECF00DCD54E /* Debug */ = {
			isa = XCBuildConfiguration;
			buildSettings = {
				BUNDLE_LOADER = "$(TEST_HOST)";
				INFOPLIST_FILE = ZigZagTests/Info.plist;
				LD_RUNPATH_SEARCH_PATHS = "$(inherited) @executable_path/Frameworks @loader_path/Frameworks";
				PRODUCT_BUNDLE_IDENTIFIER = Sybersid.ZigZagTests;
				PRODUCT_NAME = "$(TARGET_NAME)";
				TEST_HOST = "$(BUILT_PRODUCTS_DIR)/ZigZag.app/ZigZag";
			};
			name = Debug;
		};
		385E0A231BC36ECF00DCD54E /* Release */ = {
			isa = XCBuildConfiguration;
			buildSettings = {
				BUNDLE_LOADER = "$(TEST_HOST)";
				INFOPLIST_FILE = ZigZagTests/Info.plist;
				LD_RUNPATH_SEARCH_PATHS = "$(inherited) @executable_path/Frameworks @loader_path/Frameworks";
				PRODUCT_BUNDLE_IDENTIFIER = Sybersid.ZigZagTests;
				PRODUCT_NAME = "$(TARGET_NAME)";
				TEST_HOST = "$(BUILT_PRODUCTS_DIR)/ZigZag.app/ZigZag";
			};
			name = Release;
		};
		385E0A251BC36ECF00DCD54E /* Debug */ = {
			isa = XCBuildConfiguration;
			buildSettings = {
				INFOPLIST_FILE = ZigZagUITests/Info.plist;
				LD_RUNPATH_SEARCH_PATHS = "$(inherited) @executable_path/Frameworks @loader_path/Frameworks";
				PRODUCT_BUNDLE_IDENTIFIER = Sybersid.ZigZagUITests;
				PRODUCT_NAME = "$(TARGET_NAME)";
				TEST_TARGET_NAME = ZigZag;
				USES_XCTRUNNER = YES;
			};
			name = Debug;
		};
		385E0A261BC36ECF00DCD54E /* Release */ = {
			isa = XCBuildConfiguration;
			buildSettings = {
				INFOPLIST_FILE = ZigZagUITests/Info.plist;
				LD_RUNPATH_SEARCH_PATHS = "$(inherited) @executable_path/Frameworks @loader_path/Frameworks";
				PRODUCT_BUNDLE_IDENTIFIER = Sybersid.ZigZagUITests;
				PRODUCT_NAME = "$(TARGET_NAME)";
				TEST_TARGET_NAME = ZigZag;
				USES_XCTRUNNER = YES;
			};
			name = Release;
		};
/* End XCBuildConfiguration section */

/* Begin XCConfigurationList section */
		385E09F11BC36ECF00DCD54E /* Build configuration list for PBXProject "ZigZag" */ = {
			isa = XCConfigurationList;
			buildConfigurations = (
				385E0A1C1BC36ECF00DCD54E /* Debug */,
				385E0A1D1BC36ECF00DCD54E /* Release */,
			);
			defaultConfigurationIsVisible = 0;
			defaultConfigurationName = Release;
		};
		385E0A1E1BC36ECF00DCD54E /* Build configuration list for PBXNativeTarget "ZigZag" */ = {
			isa = XCConfigurationList;
			buildConfigurations = (
				385E0A1F1BC36ECF00DCD54E /* Debug */,
				385E0A201BC36ECF00DCD54E /* Release */,
			);
			defaultConfigurationIsVisible = 0;
		};
		385E0A211BC36ECF00DCD54E /* Build configuration list for PBXNativeTarget "ZigZagTests" */ = {
			isa = XCConfigurationList;
			buildConfigurations = (
				385E0A221BC36ECF00DCD54E /* Debug */,
				385E0A231BC36ECF00DCD54E /* Release */,
			);
			defaultConfigurationIsVisible = 0;
		};
		385E0A241BC36ECF00DCD54E /* Build configuration list for PBXNativeTarget "ZigZagUITests" */ = {
			isa = XCConfigurationList;
			buildConfigurations = (
				385E0A251BC36ECF00DCD54E /* Debug */,
				385E0A261BC36ECF00DCD54E /* Release */,
			);
			defaultConfigurationIsVisible = 0;
		};
/* End XCConfigurationList section */
	};
	rootObject = 385E09EE1BC36ECF00DCD54E /* Project object */;
}
